{
	"name": "mediasoup worker native module",
	"version": "0.0.0",
	"lockfileVersion": 3,
	"requires": true,
	"packages": {
		"": {
			"name": "mediasoup worker native module",
			"version": "0.0.0",
			"dependencies": {
				"node-addon-api": "*"
			},
			"devDependencies": {
				"typescript": "^5.4.5"
			}
		},
		"node_modules/node-addon-api": {
			"version": "8.0.0",
			"resolved": "https://registry.npmjs.org/node-addon-api/-/node-addon-api-8.0.0.tgz",
			"integrity": "sha512-ipO7rsHEBqa9STO5C5T10fj732ml+5kLN1cAG8/jdHd56ldQeGj3Q7+scUS+VHK/qy1zLEwC4wMK5+yM0btPvw==",
			"engines": {
				"node": "^18 || ^20 || >= 21"
			}
		},
		"node_modules/typescript": {
			"version": "5.4.5",
			"resolved": "https://registry.npmjs.org/typescript/-/typescript-5.4.5.tgz",
			"integrity": "sha512-vcI4UpRgg81oIRUFwR0WSIHKt11nJ7SAVlYNIu+QpqeyXP+gpQJy/Z4+F0aGxSE4MqwjyXvW/TzgkLAx2AGHwQ==",
			"dev": true,
			"bin": {
				"tsc": "bin/tsc",
				"tsserver": "bin/tsserver"
			},
			"engines": {
				"node": ">=14.17"
			}
		}
	}
}
